{
  "requires": true,
  "lockfileVersion": 1,
  "dependencies": {
    "cordova-plugin-whitelist": {
      "version": "git+https://github.com/apache/cordova-plugin-whitelist.git#7c2f3c4422e9c8c14850ec333cf95562ac16307c",
      "from": "git+https://github.com/apache/cordova-plugin-whitelist.git"
    }
  }
}
